<?xml version="1.0" encoding="utf-8"?>
<Project ToolsVersion="4.0" xmlns="http://schemas.microsoft.com/developer/msbuild/2003">
  <ItemGroup>
    <Filter Include="Source Files">
      <UniqueIdentifier>{4FC737F1-C7A5-4376-A066-2A32D752A2FF}</UniqueIdentifier>
      <Extensions>cpp;c;cc;cxx;def;odl;idl;hpj;bat;asm;asmx</Extensions>
    </Filter>
    <Filter Include="Header Files">
      <UniqueIdentifier>{93995380-89BD-4b04-88EB-625FBE52EBFB}</UniqueIdentifier>
      <Extensions>h;hh;hpp;hxx;hm;inl;inc;ipp;xsd</Extensions>
    </Filter>
    <Filter Include="Header Files\GL">
      <UniqueIdentifier>{ef0f8a6f-b811-46ea-a015-521c6ea57002}</UniqueIdentifier>
    </Filter>
    <Filter Include="Source Files\GL">
      <UniqueIdentifier>{1d01c458-8af9-46ec-8f6c-be82e6f19149}</UniqueIdentifier>
    </Filter>
    <Filter Include="Source Files\Objects">
      <UniqueIdentifier>{b493a4d8-6b89-4099-915d-f6b1e24dba32}</UniqueIdentifier>
    </Filter>
    <Filter Include="Header Files\Objects">
      <UniqueIdentifier>{c60b00f4-374f-4db6-9c75-a51fa3273a7f}</UniqueIdentifier>
    </Filter>
    <Filter Include="Source Files\Managers">
      <UniqueIdentifier>{7bb587e0-f989-40e0-b70c-3d55c2dcf9d9}</UniqueIdentifier>
    </Filter>
    <Filter Include="Header Files\Managers">
      <UniqueIdentifier>{a35d9df3-0b46-4c11-8d6b-dc2927e11df1}</UniqueIdentifier>
    </Filter>
    <Filter Include="Header Files\Templates">
      <UniqueIdentifier>{ca266841-d26a-42f8-a0cb-51702cc07ef9}</UniqueIdentifier>
    </Filter>
    <Filter Include="Header Files\ThirdParty">
      <UniqueIdentifier>{0b4d1dd8-c6b9-49b5-b571-446040ddeb50}</UniqueIdentifier>
    </Filter>
    <Filter Include="Source Files\ThirdParty">
      <UniqueIdentifier>{cb6291c1-0edc-4203-9b29-2ef21c610e3c}</UniqueIdentifier>
    </Filter>
    <Filter Include="Header Files\Utility">
      <UniqueIdentifier>{cdf13266-f0d9-42ca-812f-1feab5e99765}</UniqueIdentifier>
    </Filter>
    <Filter Include="Source Files\Utility">
      <UniqueIdentifier>{496e4161-455b-437f-89ca-818e161cab35}</UniqueIdentifier>
    </Filter>
    <Filter Include="Header Files\Classes">
      <UniqueIdentifier>{212a0fdb-451e-4315-98ab-46c2682cf10b}</UniqueIdentifier>
    </Filter>
    <Filter Include="Source Files\Classes">
      <UniqueIdentifier>{245d7ead-a5ca-4307-84f4-5a81415d8dab}</UniqueIdentifier>
    </Filter>
    <Filter Include="Header Files\Collision">
      <UniqueIdentifier>{a2597635-c896-4f28-88fe-76c3e9f0b17d}</UniqueIdentifier>
    </Filter>
    <Filter Include="Source Files\Collision">
      <UniqueIdentifier>{9a3d25fd-5bd1-4e73-bf0d-de5b38e7a45c}</UniqueIdentifier>
    </Filter>
    <Filter Include="Header Files\UI">
      <UniqueIdentifier>{cf258569-873d-4276-b76f-f68b92961822}</UniqueIdentifier>
    </Filter>
    <Filter Include="Source Files\UI">
      <UniqueIdentifier>{2e5a11a7-f061-4856-ab59-d165d937bf09}</UniqueIdentifier>
    </Filter>
    <Filter Include="Resource Files">
      <UniqueIdentifier>{67DA6AB6-F800-4c08-8B7A-83BB121AAD01}</UniqueIdentifier>
      <Extensions>rc;ico;cur;bmp;dlg;rc2;rct;bin;rgs;gif;jpg;jpeg;jpe;resx;tiff;tif;png;wav;mfcribbon-ms</Extensions>
    </Filter>
    <Filter Include="Header Files\Structs">
      <UniqueIdentifier>{2954450f-6256-4bca-a1d2-0966e09cdf07}</UniqueIdentifier>
    </Filter>
    <Filter Include="Source Files\Debug">
      <UniqueIdentifier>{99e21c64-5280-4453-aae9-a1804dfadb46}</UniqueIdentifier>
    </Filter>
    <Filter Include="Header Files\Debug">
      <UniqueIdentifier>{e654034a-1403-4e45-9e1d-e63d7b3809c4}</UniqueIdentifier>
    </Filter>
    <Filter Include="Header Files\Console">
      <UniqueIdentifier>{813e2e6c-249f-4635-acf3-d0893e610a65}</UniqueIdentifier>
    </Filter>
    <Filter Include="Source Files\Console">
      <UniqueIdentifier>{f7f59164-3f44-432d-99dd-f5dd8189d0ec}</UniqueIdentifier>
    </Filter>
    <Filter Include="Header Files\Audio">
      <UniqueIdentifier>{83e72d7d-c44d-479a-a2d1-85544d6c6310}</UniqueIdentifier>
    </Filter>
    <Filter Include="Source Files\Audio">
      <UniqueIdentifier>{eb0cf789-b3ea-41a9-9d00-8aeb6adc2b22}</UniqueIdentifier>
    </Filter>
  </ItemGroup>
  <ItemGroup>
    <ClInclude Include="Types.h">
      <Filter>Header Files</Filter>
    </ClInclude>
    <ClInclude Include="GL.h">
      <Filter>Header Files\GL</Filter>
    </ClInclude>
    <ClInclude Include="GLProgram.h">
      <Filter>Header Files\GL</Filter>
    </ClInclude>
    <ClInclude Include="GameObject.h">
      <Filter>Header Files\Objects</Filter>
    </ClInclude>
    <ClInclude Include="ModelManager.h">
      <Filter>Header Files\Managers</Filter>
    </ClInclude>
    <ClInclude Include="Buffer.h">
      <Filter>Header Files\Templates</Filter>
    </ClInclude>
    <ClInclude Include="Map.h">
      <Filter>Header Files\Templates</Filter>
    </ClInclude>
    <ClInclude Include="Matrix.h">
      <Filter>Header Files\Templates</Filter>
    </ClInclude>
    <ClInclude Include="Vector.h">
      <Filter>Header Files\Templates</Filter>
    </ClInclude>
    <ClInclude Include="GLTexture.h">
      <Filter>Header Files\GL</Filter>
    </ClInclude>
    <ClInclude Include="TextureManager.h">
      <Filter>Header Files\Managers</Filter>
    </ClInclude>
    <ClInclude Include="GLDepthMap.h">
      <Filter>Header Files\GL</Filter>
    </ClInclude>
    <ClInclude Include="GLCubemap.h">
      <Filter>Header Files\GL</Filter>
    </ClInclude>
    <ClInclude Include="InputManager.h">
      <Filter>Header Files\Managers</Filter>
    </ClInclude>
    <ClInclude Include="lodepng.h">
      <Filter>Header Files\ThirdParty</Filter>
    </ClInclude>
    <ClInclude Include="GLModel.h">
      <Filter>Header Files\GL</Filter>
    </ClInclude>
    <ClInclude Include="DrawUtils.h">
      <Filter>Header Files\Utility</Filter>
    </ClInclude>
    <ClInclude Include="GLContext.h">
      <Filter>Header Files\GL</Filter>
    </ClInclude>
    <ClInclude Include="MaterialManager.h">
      <Filter>Header Files\Managers</Filter>
    </ClInclude>
    <ClInclude Include="Utilities.h">
      <Filter>Header Files\Utility</Filter>
    </ClInclude>
    <ClInclude Include="IO.h">
      <Filter>Header Files\Utility</Filter>
    </ClInclude>
    <ClInclude Include="Maths.h">
      <Filter>Header Files\Utility</Filter>
    </ClInclude>
    <ClInclude Include="Material.h">
      <Filter>Header Files\Classes</Filter>
    </ClInclude>
    <ClInclude Include="Model.h">
      <Filter>Header Files\Classes</Filter>
    </ClInclude>
    <ClInclude Include="Registry.h">
      <Filter>Header Files\Classes</Filter>
    </ClInclude>
    <ClInclude Include="Skybox.h">
      <Filter>Header Files\Classes</Filter>
    </ClInclude>
    <ClInclude Include="String.h">
      <Filter>Header Files\Classes</Filter>
    </ClInclude>
    <ClInclude Include="Timer.h">
      <Filter>Header Files\Classes</Filter>
    </ClInclude>
    <ClInclude Include="Transform.h">
      <Filter>Header Files\Classes</Filter>
    </ClInclude>
    <ClInclude Include="Window.h">
      <Filter>Header Files\Classes</Filter>
    </ClInclude>
    <ClInclude Include="BufferIterator.h">
      <Filter>Header Files\Templates</Filter>
    </ClInclude>
    <ClInclude Include="Collider.h">
      <Filter>Header Files\Collision</Filter>
    </ClInclude>
    <ClInclude Include="Ray.h">
      <Filter>Header Files\Classes</Filter>
    </ClInclude>
    <ClInclude Include="ColliderAABB.h">
      <Filter>Header Files\Collision</Filter>
    </ClInclude>
    <ClInclude Include="ColliderSphere.h">
      <Filter>Header Files\Collision</Filter>
    </ClInclude>
    <ClInclude Include="Collision.h">
      <Filter>Header Files\Collision</Filter>
    </ClInclude>
    <ClInclude Include="Bounds.h">
      <Filter>Header Files\Classes</Filter>
    </ClInclude>
    <ClInclude Include="UIElement.h">
      <Filter>Header Files\UI</Filter>
    </ClInclude>
    <ClInclude Include="UIButton.h">
      <Filter>Header Files\UI</Filter>
    </ClInclude>
    <ClInclude Include="UIContainer.h">
      <Filter>Header Files\UI</Filter>
    </ClInclude>
    <ClInclude Include="UIRect.h">
      <Filter>Header Files\UI</Filter>
    </ClInclude>
    <ClInclude Include="Font.h">
      <Filter>Header Files\Classes</Filter>
    </ClInclude>
    <ClInclude Include="FontManager.h">
      <Filter>Header Files\Managers</Filter>
    </ClInclude>
    <ClInclude Include="ResourceManager.h">
      <Filter>Header Files\Managers</Filter>
    </ClInclude>
    <ClInclude Include="UILabel.h">
      <Filter>Header Files\UI</Filter>
    </ClInclude>
    <ClInclude Include="MaterialGrid.h">
      <Filter>Header Files\Classes</Filter>
    </ClInclude>
    <ClInclude Include="MaterialSurface.h">
      <Filter>Header Files\Classes</Filter>
    </ClInclude>
    <ClInclude Include="RaycastResult.h">
      <Filter>Header Files\Structs</Filter>
    </ClInclude>
    <ClInclude Include="Glyph.h">
      <Filter>Header Files\Structs</Filter>
    </ClInclude>
    <ClInclude Include="Pair.h">
      <Filter>Header Files\Structs</Filter>
    </ClInclude>
    <ClInclude Include="UVRect.h">
      <Filter>Header Files\Structs</Filter>
    </ClInclude>
    <ClInclude Include="RenderParam.h">
      <Filter>Header Files\Structs</Filter>
    </ClInclude>
    <ClInclude Include="UIPanel.h">
      <Filter>Header Files\UI</Filter>
    </ClInclude>
    <ClInclude Include="Direction2D.h">
      <Filter>Header Files\Classes</Filter>
    </ClInclude>
    <ClInclude Include="Vector4.h">
      <Filter>Header Files\Classes</Filter>
    </ClInclude>
    <ClInclude Include="Engine.h">
      <Filter>Header Files</Filter>
    </ClInclude>
    <ClInclude Include="DebugManager.h">
      <Filter>Header Files\Managers</Filter>
    </ClInclude>
    <ClInclude Include="DebugObject.h">
      <Filter>Header Files\Debug</Filter>
    </ClInclude>
    <ClInclude Include="DebugFrustum.h">
      <Filter>Header Files\Debug</Filter>
    </ClInclude>
    <ClInclude Include="DebugString.h">
      <Filter>Header Files\Debug</Filter>
    </ClInclude>
    <ClInclude Include="ObjBrush.h">
      <Filter>Header Files\Objects</Filter>
    </ClInclude>
    <ClInclude Include="ObjBrush2D.h">
      <Filter>Header Files\Objects</Filter>
    </ClInclude>
    <ClInclude Include="ObjBrush3D.h">
      <Filter>Header Files\Objects</Filter>
    </ClInclude>
    <ClInclude Include="ObjCamera.h">
      <Filter>Header Files\Objects</Filter>
    </ClInclude>
    <ClInclude Include="ObjConnector.h">
      <Filter>Header Files\Objects</Filter>
    </ClInclude>
    <ClInclude Include="ObjLight.h">
      <Filter>Header Files\Objects</Filter>
    </ClInclude>
    <ClInclude Include="ObjRenderable.h">
      <Filter>Header Files\Objects</Filter>
    </ClInclude>
    <ClInclude Include="ObjBox.h">
      <Filter>Header Files\Objects</Filter>
    </ClInclude>
    <ClInclude Include="LevelIO.h">
      <Filter>Header Files\Utility</Filter>
    </ClInclude>
    <ClInclude Include="NumberedSet.h">
      <Filter>Header Files\Templates</Filter>
    </ClInclude>
    <ClInclude Include="Vertex.h">
      <Filter>Header Files\Structs</Filter>
    </ClInclude>
    <ClInclude Include="Cvar.h">
      <Filter>Header Files\Console</Filter>
    </ClInclude>
    <ClInclude Include="CvarMap.h">
      <Filter>Header Files\Console</Filter>
    </ClInclude>
    <ClInclude Include="FunctionPointer.h">
      <Filter>Header Files\Classes</Filter>
    </ClInclude>
    <ClInclude Include="Debug.h">
      <Filter>Header Files\Debug</Filter>
    </ClInclude>
    <ClInclude Include="ShaderChannel.h">
      <Filter>Header Files</Filter>
    </ClInclude>
    <ClInclude Include="List.h">
      <Filter>Header Files\Templates</Filter>
    </ClInclude>
    <ClInclude Include="Sampler.h">
      <Filter>Header Files\Audio</Filter>
    </ClInclude>
    <ClInclude Include="AudioManager.h">
      <Filter>Header Files\Managers</Filter>
    </ClInclude>
    <ClInclude Include="Sound.h">
      <Filter>Header Files\Audio</Filter>
    </ClInclude>
    <ClInclude Include="Console.h">
      <Filter>Header Files\Console</Filter>
    </ClInclude>
  </ItemGroup>
  <ItemGroup>
    <ClCompile Include="GLProgram.cpp">
      <Filter>Source Files\GL</Filter>
    </ClCompile>
    <ClCompile Include="GL.cpp">
      <Filter>Source Files\GL</Filter>
    </ClCompile>
    <ClCompile Include="ModelManager.cpp">
      <Filter>Source Files\Managers</Filter>
    </ClCompile>
    <ClCompile Include="GLTexture.cpp">
      <Filter>Source Files\GL</Filter>
    </ClCompile>
    <ClCompile Include="TextureManager.cpp">
      <Filter>Source Files\Managers</Filter>
    </ClCompile>
    <ClCompile Include="GLDepthMap.cpp">
      <Filter>Source Files\GL</Filter>
    </ClCompile>
    <ClCompile Include="GLCubemap.cpp">
      <Filter>Source Files\GL</Filter>
    </ClCompile>
    <ClCompile Include="InputManager.cpp">
      <Filter>Source Files\Managers</Filter>
    </ClCompile>
    <ClCompile Include="lodepng.cpp">
      <Filter>Source Files\ThirdParty</Filter>
    </ClCompile>
    <ClCompile Include="GLModel.cpp">
      <Filter>Source Files\GL</Filter>
    </ClCompile>
    <ClCompile Include="DrawUtils.cpp">
      <Filter>Source Files\Utility</Filter>
    </ClCompile>
    <ClCompile Include="GLContext.cpp">
      <Filter>Source Files\GL</Filter>
    </ClCompile>
    <ClCompile Include="MaterialManager.cpp">
      <Filter>Source Files\Managers</Filter>
    </ClCompile>
    <ClCompile Include="IO.cpp">
      <Filter>Source Files\Utility</Filter>
    </ClCompile>
    <ClCompile Include="ObjReader.cpp">
      <Filter>Source Files\Utility</Filter>
    </ClCompile>
    <ClCompile Include="Maths.cpp">
      <Filter>Source Files\Utility</Filter>
    </ClCompile>
    <ClCompile Include="Matrix.cpp">
      <Filter>Source Files\Classes</Filter>
    </ClCompile>
    <ClCompile Include="Skybox.cpp">
      <Filter>Source Files\Classes</Filter>
    </ClCompile>
    <ClCompile Include="Registry.cpp">
      <Filter>Source Files\Classes</Filter>
    </ClCompile>
    <ClCompile Include="String.cpp">
      <Filter>Source Files\Classes</Filter>
    </ClCompile>
    <ClCompile Include="Transform.cpp">
      <Filter>Source Files\Classes</Filter>
    </ClCompile>
    <ClCompile Include="Timer.cpp">
      <Filter>Source Files\Classes</Filter>
    </ClCompile>
    <ClCompile Include="Vertex.cpp">
      <Filter>Source Files\Classes</Filter>
    </ClCompile>
    <ClCompile Include="Window.cpp">
      <Filter>Source Files\Classes</Filter>
    </ClCompile>
    <ClCompile Include="ColliderSphere.cpp">
      <Filter>Source Files\Collision</Filter>
    </ClCompile>
    <ClCompile Include="Vector.cpp">
      <Filter>Source Files\Classes</Filter>
    </ClCompile>
    <ClCompile Include="Collision.cpp">
      <Filter>Source Files\Collision</Filter>
    </ClCompile>
    <ClCompile Include="Collider.cpp">
      <Filter>Source Files\Collision</Filter>
    </ClCompile>
    <ClCompile Include="UIButton.cpp">
      <Filter>Source Files\UI</Filter>
    </ClCompile>
    <ClCompile Include="UIContainer.cpp">
      <Filter>Source Files\UI</Filter>
    </ClCompile>
    <ClCompile Include="UIRect.cpp">
      <Filter>Source Files\UI</Filter>
    </ClCompile>
    <ClCompile Include="UIElement.cpp">
      <Filter>Source Files\UI</Filter>
    </ClCompile>
    <ClCompile Include="Font.cpp">
      <Filter>Source Files\Classes</Filter>
    </ClCompile>
    <ClCompile Include="FontManager.cpp">
      <Filter>Source Files\Managers</Filter>
    </ClCompile>
    <ClCompile Include="UILabel.cpp">
      <Filter>Source Files\UI</Filter>
    </ClCompile>
    <ClCompile Include="MaterialSurface.cpp">
      <Filter>Source Files\Classes</Filter>
    </ClCompile>
    <ClCompile Include="MaterialGrid.cpp">
      <Filter>Source Files\Classes</Filter>
    </ClCompile>
    <ClCompile Include="UIPanel.cpp">
      <Filter>Source Files\UI</Filter>
    </ClCompile>
    <ClCompile Include="Direction2D.cpp">
      <Filter>Source Files\Classes</Filter>
    </ClCompile>
    <ClCompile Include="Bounds.cpp">
      <Filter>Source Files\Classes</Filter>
    </ClCompile>
    <ClCompile Include="DebugManager.cpp">
      <Filter>Source Files\Managers</Filter>
    </ClCompile>
    <ClCompile Include="DebugObject.cpp">
      <Filter>Source Files\Debug</Filter>
    </ClCompile>
    <ClCompile Include="DebugFrustum.cpp">
      <Filter>Source Files\Debug</Filter>
    </ClCompile>
    <ClCompile Include="DebugString.cpp">
      <Filter>Source Files\Debug</Filter>
    </ClCompile>
    <ClCompile Include="ObjBrush2D.cpp">
      <Filter>Source Files\Objects</Filter>
    </ClCompile>
    <ClCompile Include="ObjBrush3D.cpp">
      <Filter>Source Files\Objects</Filter>
    </ClCompile>
    <ClCompile Include="ObjCamera.cpp">
      <Filter>Source Files\Objects</Filter>
    </ClCompile>
    <ClCompile Include="ObjConnector.cpp">
      <Filter>Source Files\Objects</Filter>
    </ClCompile>
    <ClCompile Include="ObjLight.cpp">
      <Filter>Source Files\Objects</Filter>
    </ClCompile>
    <ClCompile Include="ObjRenderable.cpp">
      <Filter>Source Files\Objects</Filter>
    </ClCompile>
    <ClCompile Include="GameObject.cpp">
      <Filter>Source Files\Objects</Filter>
    </ClCompile>
    <ClCompile Include="ObjBox.cpp">
      <Filter>Source Files\Objects</Filter>
    </ClCompile>
    <ClCompile Include="LevelIO.cpp">
      <Filter>Source Files\Utility</Filter>
    </ClCompile>
    <ClCompile Include="Cvar.cpp">
      <Filter>Source Files\Console</Filter>
    </ClCompile>
    <ClCompile Include="Debug.cpp">
      <Filter>Source Files\Debug</Filter>
    </ClCompile>
    <ClCompile Include="ColliderAABB.cpp">
      <Filter>Source Files\Collision</Filter>
    </ClCompile>
    <ClCompile Include="AudioManager.cpp">
      <Filter>Source Files\Managers</Filter>
    </ClCompile>
    <ClCompile Include="Sampler.cpp">
      <Filter>Source Files\Audio</Filter>
    </ClCompile>
    <ClCompile Include="WavReader.cpp">
      <Filter>Source Files\Audio</Filter>
    </ClCompile>
    <ClCompile Include="Sound.cpp">
      <Filter>Source Files\Audio</Filter>
    </ClCompile>
    <ClCompile Include="Console.cpp">
      <Filter>Source Files\Console</Filter>
    </ClCompile>
    <ClCompile Include="Engine.cpp">
      <Filter>Source Files</Filter>
    </ClCompile>
    <ClCompile Include="CvarMap.cpp">
      <Filter>Source Files\Console</Filter>
    </ClCompile>
    <ClCompile Include="Material.cpp">
      <Filter>Source Files\Classes</Filter>
    </ClCompile>
    <ClCompile Include="Model.cpp">
      <Filter>Source Files\Classes</Filter>
    </ClCompile>
  </ItemGroup>
</Project>