<?xml version="1.0" encoding="utf-8"?>
<Project ToolsVersion="4.0" xmlns="http://schemas.microsoft.com/developer/msbuild/2003">
  <ItemGroup>
    <Filter Include="Source Files">
      <UniqueIdentifier>{4FC737F1-C7A5-4376-A066-2A32D752A2FF}</UniqueIdentifier>
      <Extensions>cpp;c;cc;cxx;def;odl;idl;hpj;bat;asm;asmx</Extensions>
    </Filter>
    <Filter Include="Header Files">
      <UniqueIdentifier>{93995380-89BD-4b04-88EB-625FBE52EBFB}</UniqueIdentifier>
      <Extensions>h;hh;hpp;hxx;hm;inl;inc;ipp;xsd</Extensions>
    </Filter>
    <Filter Include="Resource Files">
      <UniqueIdentifier>{67DA6AB6-F800-4c08-8B7A-83BB121AAD01}</UniqueIdentifier>
      <Extensions>rc;ico;cur;bmp;dlg;rc2;rct;bin;rgs;gif;jpg;jpeg;jpe;resx;tiff;tif;png;wav;mfcribbon-ms</Extensions>
    </Filter>
    <Filter Include="Shaders">
      <UniqueIdentifier>{2a0dd8b7-880b-43d8-add8-c5f3c0f0a104}</UniqueIdentifier>
    </Filter>
  </ItemGroup>
  <ItemGroup>
    <ClCompile Include="Editor.cpp">
      <Filter>Source Files</Filter>
    </ClCompile>
    <ClCompile Include="Viewport.cpp">
      <Filter>Source Files</Filter>
    </ClCompile>
    <ClCompile Include="WinMain.cpp">
      <Filter>Source Files</Filter>
    </ClCompile>
    <ClCompile Include="PropertyWindow.cpp">
      <Filter>Source Files</Filter>
    </ClCompile>
    <ClCompile Include="ResourceSelect.cpp">
      <Filter>Source Files</Filter>
    </ClCompile>
    <ClCompile Include="EditorIO.cpp">
      <Filter>Source Files</Filter>
    </ClCompile>
    <ClCompile Include="ToolWindow.cpp">
      <Filter>Source Files</Filter>
    </ClCompile>
    <ClCompile Include="ToolSelect.cpp">
      <Filter>Source Files</Filter>
    </ClCompile>
    <ClCompile Include="ToolBrush2D.cpp">
      <Filter>Source Files</Filter>
    </ClCompile>
    <ClCompile Include="ToolBrush3D.cpp">
      <Filter>Source Files</Filter>
    </ClCompile>
    <ClCompile Include="ToolEntity.cpp">
      <Filter>Source Files</Filter>
    </ClCompile>
    <ClCompile Include="ToolConnector.cpp">
      <Filter>Source Files</Filter>
    </ClCompile>
    <ClCompile Include="EditorUtil.cpp">
      <Filter>Source Files</Filter>
    </ClCompile>
  </ItemGroup>
  <ItemGroup>
    <ClInclude Include="Viewport.h">
      <Filter>Header Files</Filter>
    </ClInclude>
    <ClInclude Include="Editor.h">
      <Filter>Header Files</Filter>
    </ClInclude>
    <ClInclude Include="PropertyWindow.h">
      <Filter>Header Files</Filter>
    </ClInclude>
    <ClInclude Include="resource.h">
      <Filter>Resource Files</Filter>
    </ClInclude>
    <ClInclude Include="ResourceSelect.h">
      <Filter>Header Files</Filter>
    </ClInclude>
    <ClInclude Include="EditorIO.h">
      <Filter>Header Files</Filter>
    </ClInclude>
    <ClInclude Include="ToolWindow.h">
      <Filter>Header Files</Filter>
    </ClInclude>
    <ClInclude Include="Tool.h">
      <Filter>Header Files</Filter>
    </ClInclude>
    <ClInclude Include="ToolSelect.h">
      <Filter>Header Files</Filter>
    </ClInclude>
    <ClInclude Include="ToolBrush2D.h">
      <Filter>Header Files</Filter>
    </ClInclude>
    <ClInclude Include="ToolBrush3D.h">
      <Filter>Header Files</Filter>
    </ClInclude>
    <ClInclude Include="ToolEntity.h">
      <Filter>Header Files</Filter>
    </ClInclude>
    <ClInclude Include="ToolConnector.h">
      <Filter>Header Files</Filter>
    </ClInclude>
    <ClInclude Include="EditorUtil.h">
      <Filter>Header Files</Filter>
    </ClInclude>
    <ClInclude Include="MouseData.h">
      <Filter>Header Files</Filter>
    </ClInclude>
  </ItemGroup>
  <ItemGroup>
    <ResourceCompile Include="Resource.rc">
      <Filter>Resource Files</Filter>
    </ResourceCompile>
  </ItemGroup>
  <ItemGroup>
    <None Include="..\Data\Shaders\basic.frag">
      <Filter>Shaders</Filter>
    </None>
    <None Include="..\Data\Shaders\basic.vert">
      <Filter>Shaders</Filter>
    </None>
    <None Include="..\Data\Shaders\Phong.frag">
      <Filter>Shaders</Filter>
    </None>
    <None Include="..\Data\Shaders\Shader.vert">
      <Filter>Shaders</Filter>
    </None>
    <None Include="..\Data\Shaders\Sky.frag">
      <Filter>Shaders</Filter>
    </None>
    <None Include="..\Data\Shaders\Sky.vert">
      <Filter>Shaders</Filter>
    </None>
    <None Include="..\Data\Shaders\Unlit.frag">
      <Filter>Shaders</Filter>
    </None>
  </ItemGroup>
  <ItemGroup>
    <Image Include="TreeNode.bmp">
      <Filter>Resource Files</Filter>
    </Image>
    <Image Include="TreeNode2.bmp">
      <Filter>Resource Files</Filter>
    </Image>
    <Image Include="ToolEdit.bmp">
      <Filter>Resource Files</Filter>
    </Image>
    <Image Include="ToolSelect.bmp">
      <Filter>Resource Files</Filter>
    </Image>
    <Image Include="ToolEntity.bmp">
      <Filter>Resource Files</Filter>
    </Image>
    <Image Include="ToolConnector.bmp">
      <Filter>Resource Files</Filter>
    </Image>
    <Image Include="ToolBrush.bmp">
      <Filter>Resource Files</Filter>
    </Image>
  </ItemGroup>
</Project>