<?xml version="1.0" encoding="utf-8"?>
<Project ToolsVersion="4.0" xmlns="http://schemas.microsoft.com/developer/msbuild/2003">
  <ItemGroup>
    <Filter Include="Source Files">
      <UniqueIdentifier>{4FC737F1-C7A5-4376-A066-2A32D752A2FF}</UniqueIdentifier>
      <Extensions>cpp;c;cc;cxx;def;odl;idl;hpj;bat;asm;asmx</Extensions>
    </Filter>
    <Filter Include="Header Files">
      <UniqueIdentifier>{93995380-89BD-4b04-88EB-625FBE52EBFB}</UniqueIdentifier>
      <Extensions>h;hh;hpp;hxx;hm;inl;inc;ipp;xsd</Extensions>
    </Filter>
    <Filter Include="Resource Files">
      <UniqueIdentifier>{67DA6AB6-F800-4c08-8B7A-83BB121AAD01}</UniqueIdentifier>
      <Extensions>rc;ico;cur;bmp;dlg;rc2;rct;bin;rgs;gif;jpg;jpeg;jpe;resx;tiff;tif;png;wav;mfcribbon-ms</Extensions>
    </Filter>
    <Filter Include="Shaders">
      <UniqueIdentifier>{2a0dd8b7-880b-43d8-add8-c5f3c0f0a104}</UniqueIdentifier>
    </Filter>
    <Filter Include="Source Files\Tools">
      <UniqueIdentifier>{9a590b75-886e-475a-b101-2b9c5552ddb9}</UniqueIdentifier>
    </Filter>
    <Filter Include="Header Files\Tools">
      <UniqueIdentifier>{4c5567ff-7798-49f6-95c2-393dc0210a07}</UniqueIdentifier>
    </Filter>
    <Filter Include="Source Files\Tools\Gizmo">
      <UniqueIdentifier>{3c5cdbea-6e8b-4686-8ea7-125ecf07085f}</UniqueIdentifier>
    </Filter>
    <Filter Include="Header Files\Tools\Gizmo">
      <UniqueIdentifier>{bc679d0b-4ce7-4cd4-99e2-4bdef1835ce3}</UniqueIdentifier>
    </Filter>
    <Filter Include="Header Files\Windows">
      <UniqueIdentifier>{b576abb2-f138-4ce7-baf0-33e7fe41c764}</UniqueIdentifier>
    </Filter>
    <Filter Include="Source Files\Windows">
      <UniqueIdentifier>{98c52bc2-45c7-4735-a7ba-86ed7ee41aef}</UniqueIdentifier>
    </Filter>
  </ItemGroup>
  <ItemGroup>
    <ClCompile Include="Editor.cpp">
      <Filter>Source Files</Filter>
    </ClCompile>
    <ClCompile Include="EditorUtil.cpp">
      <Filter>Source Files</Filter>
    </ClCompile>
    <ClCompile Include="ToolSelect.cpp">
      <Filter>Source Files\Tools</Filter>
    </ClCompile>
    <ClCompile Include="ToolBrush2D.cpp">
      <Filter>Source Files\Tools</Filter>
    </ClCompile>
    <ClCompile Include="ToolBrush3D.cpp">
      <Filter>Source Files\Tools</Filter>
    </ClCompile>
    <ClCompile Include="ToolConnector.cpp">
      <Filter>Source Files\Tools</Filter>
    </ClCompile>
    <ClCompile Include="ToolEntity.cpp">
      <Filter>Source Files\Tools</Filter>
    </ClCompile>
    <ClCompile Include="GizmoAxis.cpp">
      <Filter>Source Files\Tools\Gizmo</Filter>
    </ClCompile>
    <ClCompile Include="GizmoPlane.cpp">
      <Filter>Source Files\Tools\Gizmo</Filter>
    </ClCompile>
    <ClCompile Include="GizmoRing.cpp">
      <Filter>Source Files\Tools\Gizmo</Filter>
    </ClCompile>
    <ClCompile Include="HierachyWindow.cpp">
      <Filter>Source Files\Windows</Filter>
    </ClCompile>
    <ClCompile Include="ResourceSelect.cpp">
      <Filter>Source Files\Windows</Filter>
    </ClCompile>
    <ClCompile Include="StringSelect.cpp">
      <Filter>Source Files\Windows</Filter>
    </ClCompile>
    <ClCompile Include="FbxReader.cpp">
      <Filter>Source Files</Filter>
    </ClCompile>
    <ClCompile Include="UIPropertyManipulator.cpp">
      <Filter>Source Files</Filter>
    </ClCompile>
    <ClCompile Include="Main.cpp">
      <Filter>Source Files</Filter>
    </ClCompile>
    <ClCompile Include="Viewport.cpp">
      <Filter>Source Files</Filter>
    </ClCompile>
    <ClCompile Include="GizmoBrushSizer2D.cpp">
      <Filter>Source Files\Tools\Gizmo</Filter>
    </ClCompile>
    <ClCompile Include="ToolIso.cpp">
      <Filter>Source Files\Tools</Filter>
    </ClCompile>
    <ClCompile Include="UITileSelector.cpp">
      <Filter>Source Files</Filter>
    </ClCompile>
  </ItemGroup>
  <ItemGroup>
    <ClInclude Include="EditorIO.hpp">
      <Filter>Header Files</Filter>
    </ClInclude>
    <ClInclude Include="EditorUtil.hpp">
      <Filter>Header Files</Filter>
    </ClInclude>
    <ClInclude Include="ToolBrush2D.hpp">
      <Filter>Header Files\Tools</Filter>
    </ClInclude>
    <ClInclude Include="ToolBrush3D.hpp">
      <Filter>Header Files\Tools</Filter>
    </ClInclude>
    <ClInclude Include="ToolConnector.hpp">
      <Filter>Header Files\Tools</Filter>
    </ClInclude>
    <ClInclude Include="ToolEntity.hpp">
      <Filter>Header Files\Tools</Filter>
    </ClInclude>
    <ClInclude Include="ToolSelect.hpp">
      <Filter>Header Files\Tools</Filter>
    </ClInclude>
    <ClInclude Include="Tool.hpp">
      <Filter>Header Files\Tools</Filter>
    </ClInclude>
    <ClInclude Include="resource.h">
      <Filter>Resource Files</Filter>
    </ClInclude>
    <ClInclude Include="MouseData.hpp">
      <Filter>Header Files</Filter>
    </ClInclude>
    <ClInclude Include="Gizmo.hpp">
      <Filter>Header Files\Tools\Gizmo</Filter>
    </ClInclude>
    <ClInclude Include="GizmoAxis.hpp">
      <Filter>Header Files\Tools\Gizmo</Filter>
    </ClInclude>
    <ClInclude Include="GizmoComponent.hpp">
      <Filter>Header Files\Tools\Gizmo</Filter>
    </ClInclude>
    <ClInclude Include="GizmoPlane.hpp">
      <Filter>Header Files\Tools\Gizmo</Filter>
    </ClInclude>
    <ClInclude Include="GizmoRing.hpp">
      <Filter>Header Files\Tools\Gizmo</Filter>
    </ClInclude>
    <ClInclude Include="FbxSdk.hpp">
      <Filter>Header Files</Filter>
    </ClInclude>
    <ClInclude Include="HierachyWindow.hpp">
      <Filter>Header Files\Windows</Filter>
    </ClInclude>
    <ClInclude Include="ResourceSelect.hpp">
      <Filter>Header Files\Windows</Filter>
    </ClInclude>
    <ClInclude Include="StringSelect.hpp">
      <Filter>Header Files\Windows</Filter>
    </ClInclude>
    <ClInclude Include="Editor.hpp">
      <Filter>Header Files</Filter>
    </ClInclude>
    <ClInclude Include="UIPropertyManipulator.hpp">
      <Filter>Header Files</Filter>
    </ClInclude>
    <ClInclude Include="Viewport.hpp">
      <Filter>Header Files</Filter>
    </ClInclude>
    <ClInclude Include="GizmoBrushSizer2D.hpp">
      <Filter>Header Files\Tools\Gizmo</Filter>
    </ClInclude>
    <ClInclude Include="EBrushEdge.hpp">
      <Filter>Header Files</Filter>
    </ClInclude>
    <ClInclude Include="ToolIso.hpp">
      <Filter>Header Files\Tools</Filter>
    </ClInclude>
    <ClInclude Include="UITileSelector.hpp">
      <Filter>Header Files</Filter>
    </ClInclude>
  </ItemGroup>
  <ItemGroup>
    <ResourceCompile Include="Resource.rc">
      <Filter>Resource Files</Filter>
    </ResourceCompile>
  </ItemGroup>
  <ItemGroup>
    <None Include="..\Data\Shaders\Phong.frag">
      <Filter>Shaders</Filter>
    </None>
    <None Include="..\Data\Shaders\Sky.frag">
      <Filter>Shaders</Filter>
    </None>
    <None Include="..\Data\Shaders\Sky.vert">
      <Filter>Shaders</Filter>
    </None>
    <None Include="..\Data\Shaders\Unlit.frag">
      <Filter>Shaders</Filter>
    </None>
    <None Include="..\Data\Shaders\Shader.vert">
      <Filter>Shaders</Filter>
    </None>
  </ItemGroup>
  <ItemGroup>
    <Image Include="TreeNode.bmp">
      <Filter>Resource Files</Filter>
    </Image>
    <Image Include="TreeNode2.bmp">
      <Filter>Resource Files</Filter>
    </Image>
    <Image Include="ToolEdit.bmp">
      <Filter>Resource Files</Filter>
    </Image>
    <Image Include="ToolEntity.bmp">
      <Filter>Resource Files</Filter>
    </Image>
    <Image Include="ToolConnector.bmp">
      <Filter>Resource Files</Filter>
    </Image>
    <Image Include="ToolBrush.bmp">
      <Filter>Resource Files</Filter>
    </Image>
    <Image Include="ToolSelect.bmp">
      <Filter>Resource Files</Filter>
    </Image>
  </ItemGroup>
</Project>